
Microsoft Visual Studio Solution File, Format Version 12.00
# Visual Studio 15
VisualStudioVersion = 15.0.27703.2026
MinimumVisualStudioVersion = 10.0.40219.1
Project("{FAE04EC0-301F-11D3-BF4B-00C04F79EFBC}") = "Polygon.WebApi", "Polygon-CalculosTrabalhistas\Polygon.WebApi.csproj", "{CD2D394C-559A-41EC-BC92-E51B71B098FD}"
EndProject
Project("{2150E333-8FDC-42A3-9474-1A3956D46DE8}") = "0 - Presentation", "0 - Presentation", "{08465B3F-5CCD-4A3E-B249-8FEBDC4C59E0}"
EndProject
Project("{2150E333-8FDC-42A3-9474-1A3956D46DE8}") = "1 - Services", "1 - Services", "{4081F8C6-23D7-4DB9-922E-E3752B68BD61}"
EndProject
Project("{2150E333-8FDC-42A3-9474-1A3956D46DE8}") = "2 - Domain", "2 - Domain", "{6D385854-9422-437C-9E88-59675255FF73}"
EndProject
Project("{2150E333-8FDC-42A3-9474-1A3956D46DE8}") = "3 - Infra", "3 - Infra", "{7A4879FB-F1B7-4173-A9F9-02A5C6560DB1}"
EndProject
Project("{FAE04EC0-301F-11D3-BF4B-00C04F79EFBC}") = "Polygon.Domain", "Polygon.Domain\Polygon.Domain.csproj", "{D7332FB3-6A49-470D-B8DD-79D0E0981B84}"
EndProject
Project("{2150E333-8FDC-42A3-9474-1A3956D46DE8}") = "Repositories", "Repositories", "{4A7ED6B1-2143-46BC-8CEE-E8045EF2FC23}"
EndProject
Project("{FAE04EC0-301F-11D3-BF4B-00C04F79EFBC}") = "Polygon.Repositories.Mongo", "Polygon.Repositories.Mongo\Polygon.Repositories.Mongo.csproj", "{16455DF4-E913-4F90-8378-4D766F5C5A65}"
EndProject
Global
	GlobalSection(SolutionConfigurationPlatforms) = preSolution
		Debug|Any CPU = Debug|Any CPU
		Release|Any CPU = Release|Any CPU
	EndGlobalSection
	GlobalSection(ProjectConfigurationPlatforms) = postSolution
		{CD2D394C-559A-41EC-BC92-E51B71B098FD}.Debug|Any CPU.ActiveCfg = Debug|Any CPU
		{CD2D394C-559A-41EC-BC92-E51B71B098FD}.Debug|Any CPU.Build.0 = Debug|Any CPU
		{CD2D394C-559A-41EC-BC92-E51B71B098FD}.Release|Any CPU.ActiveCfg = Release|Any CPU
		{CD2D394C-559A-41EC-BC92-E51B71B098FD}.Release|Any CPU.Build.0 = Release|Any CPU
		{D7332FB3-6A49-470D-B8DD-79D0E0981B84}.Debug|Any CPU.ActiveCfg = Debug|Any CPU
		{D7332FB3-6A49-470D-B8DD-79D0E0981B84}.Debug|Any CPU.Build.0 = Debug|Any CPU
		{D7332FB3-6A49-470D-B8DD-79D0E0981B84}.Release|Any CPU.ActiveCfg = Release|Any CPU
		{D7332FB3-6A49-470D-B8DD-79D0E0981B84}.Release|Any CPU.Build.0 = Release|Any CPU
		{16455DF4-E913-4F90-8378-4D766F5C5A65}.Debug|Any CPU.ActiveCfg = Debug|Any CPU
		{16455DF4-E913-4F90-8378-4D766F5C5A65}.Debug|Any CPU.Build.0 = Debug|Any CPU
		{16455DF4-E913-4F90-8378-4D766F5C5A65}.Release|Any CPU.ActiveCfg = Release|Any CPU
		{16455DF4-E913-4F90-8378-4D766F5C5A65}.Release|Any CPU.Build.0 = Release|Any CPU
	EndGlobalSection
	GlobalSection(SolutionProperties) = preSolution
		HideSolutionNode = FALSE
	EndGlobalSection
	GlobalSection(NestedProjects) = preSolution
		{CD2D394C-559A-41EC-BC92-E51B71B098FD} = {08465B3F-5CCD-4A3E-B249-8FEBDC4C59E0}
		{D7332FB3-6A49-470D-B8DD-79D0E0981B84} = {6D385854-9422-437C-9E88-59675255FF73}
		{4A7ED6B1-2143-46BC-8CEE-E8045EF2FC23} = {7A4879FB-F1B7-4173-A9F9-02A5C6560DB1}
		{16455DF4-E913-4F90-8378-4D766F5C5A65} = {4A7ED6B1-2143-46BC-8CEE-E8045EF2FC23}
	EndGlobalSection
	GlobalSection(ExtensibilityGlobals) = postSolution
		SolutionGuid = {8F2FFE89-CD8D-46F0-8A60-A028B07EDBCD}
	EndGlobalSection
EndGlobal
